<?xml version="1.0" encoding="UTF-8" standalone="yes" ?>
<CodeBlocks_project_file>
	<FileVersion major="1" minor="6" />
	<Project>
		<Option title="Datalyser" />
		<Option pch_mode="2" />
		<Option compiler="gcc" />
		<Build>
			<Target title="Debug">
				<Option output="bin\Debug\Datalyser" prefix_auto="1" extension_auto="1" />
				<Option object_output="obj\Debug\" />
				<Option type="3" />
				<Option compiler="gcc" />
				<Option createDefFile="1" />
				<Option createStaticLib="1" />
				<Compiler>
					<Add option="-Wall" />
					<Add option="-DBUILD_DLL" />
					<Add option="-g" />
				</Compiler>
				<Linker>
					<Add library="user32" />
				</Linker>
			</Target>
			<Target title="Release">
				<Option output="bin\Release\Datalyser" prefix_auto="1" extension_auto="1" />
				<Option object_output="obj\Release\" />
				<Option type="3" />
				<Option compiler="gcc" />
				<Option createDefFile="1" />
				<Option createStaticLib="1" />
				<Compiler>
					<Add option="-Wall" />
					<Add option="-DBUILD_DLL" />
					<Add option="-O2" />
				</Compiler>
				<Linker>
					<Add option="-s" />
					<Add library="user32" />
				</Linker>
			</Target>
		</Build>
		<Unit filename="ClosedHashRow.cpp" />
		<Unit filename="ClosedHashRow.h" />
		<Unit filename="ClosedHashTable.cpp">
			<Option compile="0" />
			<Option link="0" />
		</Unit>
		<Unit filename="ClosedHashTable.h" />
		<Unit filename="DichotomousTable.cpp">
			<Option compile="0" />
			<Option link="0" />
		</Unit>
		<Unit filename="DichotomousTable.h" />
		<Unit filename="HashTable.cpp">
			<Option compile="0" />
			<Option link="0" />
		</Unit>
		<Unit filename="HashTable.h" />
		<Unit filename="IHashCode.h" />
		<Unit filename="List.cpp">
			<Option compile="0" />
			<Option link="0" />
		</Unit>
		<Unit filename="List.h" />
		<Unit filename="OpenHashTable.cpp">
			<Option compile="0" />
			<Option link="0" />
		</Unit>
		<Unit filename="OpenHashTable.h" />
		<Unit filename="Row.cpp">
			<Option compile="0" />
			<Option link="0" />
		</Unit>
		<Unit filename="Row.h" />
		<Unit filename="SequentialTable.cpp">
			<Option compile="0" />
			<Option link="0" />
		</Unit>
		<Unit filename="SequentialTable.h" />
		<Unit filename="Table.cpp">
			<Option compile="0" />
			<Option link="0" />
		</Unit>
		<Unit filename="Table.h" />
		<Extensions>
			<code_completion />
			<envvars />
			<debugger />
		</Extensions>
	</Project>
</CodeBlocks_project_file>
